Microsoft Visual Studio Solution File, Format Version 12.00
#
Project("{FAE04EC0-301F-11D3-BF4B-00C04F79EFBC}") = "Jellyfin.Plugin.BlueIris", "Jellyfin.Plugin.BlueIris\Jellyfin.Plugin.BlueIris.csproj", "{F95D71A9-8F0E-418F-84AA-11DC2178EB5C}"
EndProject
Project("{FAE04EC0-301F-11D3-BF4B-00C04F79EFBC}") = "Jellyfin.Plugin.BlueIris.Tests", "Jellyfin.Plugin.BlueIris.Tests\Jellyfin.Plugin.BlueIris.Tests.csproj", "{A1B2C3D4-5E6F-7A8B-9C0D-1E2F3A4B5C6D}"
EndProject
Global
	GlobalSection(SolutionConfigurationPlatforms) = preSolution
		Debug|Any CPU = Debug|Any CPU
		Release|Any CPU = Release|Any CPU
	EndGlobalSection
	GlobalSection(ProjectConfigurationPlatforms) = postSolution
		{F95D71A9-8F0E-418F-84AA-11DC2178EB5C}.Debug|Any CPU.ActiveCfg = Debug|Any CPU
		{F95D71A9-8F0E-418F-84AA-11DC2178EB5C}.Debug|Any CPU.Build.0 = Debug|Any CPU
		{F95D71A9-8F0E-418F-84AA-11DC2178EB5C}.Release|Any CPU.ActiveCfg = Release|Any CPU
		{F95D71A9-8F0E-418F-84AA-11DC2178EB5C}.Release|Any CPU.Build.0 = Release|Any CPU
		{A1B2C3D4-5E6F-7A8B-9C0D-1E2F3A4B5C6D}.Debug|Any CPU.ActiveCfg = Debug|Any CPU
		{A1B2C3D4-5E6F-7A8B-9C0D-1E2F3A4B5C6D}.Debug|Any CPU.Build.0 = Debug|Any CPU
		{A1B2C3D4-5E6F-7A8B-9C0D-1E2F3A4B5C6D}.Release|Any CPU.ActiveCfg = Release|Any CPU
		{A1B2C3D4-5E6F-7A8B-9C0D-1E2F3A4B5C6D}.Release|Any CPU.Build.0 = Release|Any CPU
	EndGlobalSection
EndGlobal
